
Microsoft Visual Studio Solution File, Format Version 12.00
# Visual Studio Version 16
VisualStudioVersion = 16.0.31727.386
MinimumVisualStudioVersion = 10.0.40219.1
Project("{FAE04EC0-301F-11D3-BF4B-00C04F79EFBC}") = "RPM_practice_3", "RPM_practice_3\RPM_practice_3.csproj", "{747C3F14-B98C-4AB3-975D-F75FAA961F4D}"
EndProject
Global
	GlobalSection(SolutionConfigurationPlatforms) = preSolution
		Debug|Any CPU = Debug|Any CPU
		Release|Any CPU = Release|Any CPU
	EndGlobalSection
	GlobalSection(ProjectConfigurationPlatforms) = postSolution
		{747C3F14-B98C-4AB3-975D-F75FAA961F4D}.Debug|Any CPU.ActiveCfg = Debug|Any CPU
		{747C3F14-B98C-4AB3-975D-F75FAA961F4D}.Debug|Any CPU.Build.0 = Debug|Any CPU
		{747C3F14-B98C-4AB3-975D-F75FAA961F4D}.Release|Any CPU.ActiveCfg = Release|Any CPU
		{747C3F14-B98C-4AB3-975D-F75FAA961F4D}.Release|Any CPU.Build.0 = Release|Any CPU
	EndGlobalSection
	GlobalSection(SolutionProperties) = preSolution
		HideSolutionNode = FALSE
	EndGlobalSection
	GlobalSection(ExtensibilityGlobals) = postSolution
		SolutionGuid = {EC201966-4B02-42CB-A01E-26681DFC808A}
	EndGlobalSection
EndGlobal
